
Microsoft Visual Studio Solution File, Format Version 12.00
# Visual Studio 15
VisualStudioVersion = 15.0.27004.2002
MinimumVisualStudioVersion = 10.0.40219.1
Project("{FAE04EC0-301F-11D3-BF4B-00C04F79EFBC}") = "Zadatak-01", "zad01\Zadatak-01.csproj", "{CB7332CC-41E5-49C3-A8AE-0F487427361F}"
EndProject
Project("{FAE04EC0-301F-11D3-BF4B-00C04F79EFBC}") = "Zadatak-02", "zad02\Zadatak-02.csproj", "{AFAFDA77-D3BA-4D54-AABC-D8A7AF16C47F}"
EndProject
Project("{FAE04EC0-301F-11D3-BF4B-00C04F79EFBC}") = "Zadatak-03", "Zadatak - 03\Zadatak-03.csproj", "{B3F1777A-4FA1-4216-970C-83660B8C8A5D}"
EndProject
Project("{FAE04EC0-301F-11D3-BF4B-00C04F79EFBC}") = "Zadatak-04", "zad04\Zadatak-04.csproj", "{39A201A3-A9D8-4AB6-BB77-D65BECFAC632}"
EndProject
Project("{FAE04EC0-301F-11D3-BF4B-00C04F79EFBC}") = "ClassLibrary1", "ClassLibrary1\ClassLibrary1.csproj", "{1F6158D7-7F62-419D-BF9C-3009C252E813}"
EndProject
Global
	GlobalSection(SolutionConfigurationPlatforms) = preSolution
		Debug|Any CPU = Debug|Any CPU
		Debug|x86 = Debug|x86
		Release|Any CPU = Release|Any CPU
		Release|x86 = Release|x86
	EndGlobalSection
	GlobalSection(ProjectConfigurationPlatforms) = postSolution
		{CB7332CC-41E5-49C3-A8AE-0F487427361F}.Debug|Any CPU.ActiveCfg = Debug|Any CPU
		{CB7332CC-41E5-49C3-A8AE-0F487427361F}.Debug|Any CPU.Build.0 = Debug|Any CPU
		{CB7332CC-41E5-49C3-A8AE-0F487427361F}.Debug|x86.ActiveCfg = Debug|Any CPU
		{CB7332CC-41E5-49C3-A8AE-0F487427361F}.Debug|x86.Build.0 = Debug|Any CPU
		{CB7332CC-41E5-49C3-A8AE-0F487427361F}.Release|Any CPU.ActiveCfg = Release|Any CPU
		{CB7332CC-41E5-49C3-A8AE-0F487427361F}.Release|Any CPU.Build.0 = Release|Any CPU
		{CB7332CC-41E5-49C3-A8AE-0F487427361F}.Release|x86.ActiveCfg = Release|Any CPU
		{CB7332CC-41E5-49C3-A8AE-0F487427361F}.Release|x86.Build.0 = Release|Any CPU
		{AFAFDA77-D3BA-4D54-AABC-D8A7AF16C47F}.Debug|Any CPU.ActiveCfg = Debug|Any CPU
		{AFAFDA77-D3BA-4D54-AABC-D8A7AF16C47F}.Debug|Any CPU.Build.0 = Debug|Any CPU
		{AFAFDA77-D3BA-4D54-AABC-D8A7AF16C47F}.Debug|x86.ActiveCfg = Debug|Any CPU
		{AFAFDA77-D3BA-4D54-AABC-D8A7AF16C47F}.Debug|x86.Build.0 = Debug|Any CPU
		{AFAFDA77-D3BA-4D54-AABC-D8A7AF16C47F}.Release|Any CPU.ActiveCfg = Release|Any CPU
		{AFAFDA77-D3BA-4D54-AABC-D8A7AF16C47F}.Release|Any CPU.Build.0 = Release|Any CPU
		{AFAFDA77-D3BA-4D54-AABC-D8A7AF16C47F}.Release|x86.ActiveCfg = Release|Any CPU
		{AFAFDA77-D3BA-4D54-AABC-D8A7AF16C47F}.Release|x86.Build.0 = Release|Any CPU
		{B3F1777A-4FA1-4216-970C-83660B8C8A5D}.Debug|Any CPU.ActiveCfg = Debug|Any CPU
		{B3F1777A-4FA1-4216-970C-83660B8C8A5D}.Debug|Any CPU.Build.0 = Debug|Any CPU
		{B3F1777A-4FA1-4216-970C-83660B8C8A5D}.Debug|x86.ActiveCfg = Debug|Any CPU
		{B3F1777A-4FA1-4216-970C-83660B8C8A5D}.Debug|x86.Build.0 = Debug|Any CPU
		{B3F1777A-4FA1-4216-970C-83660B8C8A5D}.Release|Any CPU.ActiveCfg = Release|Any CPU
		{B3F1777A-4FA1-4216-970C-83660B8C8A5D}.Release|Any CPU.Build.0 = Release|Any CPU
		{B3F1777A-4FA1-4216-970C-83660B8C8A5D}.Release|x86.ActiveCfg = Release|Any CPU
		{B3F1777A-4FA1-4216-970C-83660B8C8A5D}.Release|x86.Build.0 = Release|Any CPU
		{39A201A3-A9D8-4AB6-BB77-D65BECFAC632}.Debug|Any CPU.ActiveCfg = Debug|x86
		{39A201A3-A9D8-4AB6-BB77-D65BECFAC632}.Debug|x86.ActiveCfg = Debug|x86
		{39A201A3-A9D8-4AB6-BB77-D65BECFAC632}.Debug|x86.Build.0 = Debug|x86
		{39A201A3-A9D8-4AB6-BB77-D65BECFAC632}.Release|Any CPU.ActiveCfg = Release|x86
		{39A201A3-A9D8-4AB6-BB77-D65BECFAC632}.Release|x86.ActiveCfg = Release|x86
		{39A201A3-A9D8-4AB6-BB77-D65BECFAC632}.Release|x86.Build.0 = Release|x86
		{1F6158D7-7F62-419D-BF9C-3009C252E813}.Debug|Any CPU.ActiveCfg = Debug|Any CPU
		{1F6158D7-7F62-419D-BF9C-3009C252E813}.Debug|Any CPU.Build.0 = Debug|Any CPU
		{1F6158D7-7F62-419D-BF9C-3009C252E813}.Debug|x86.ActiveCfg = Debug|Any CPU
		{1F6158D7-7F62-419D-BF9C-3009C252E813}.Debug|x86.Build.0 = Debug|Any CPU
		{1F6158D7-7F62-419D-BF9C-3009C252E813}.Release|Any CPU.ActiveCfg = Release|Any CPU
		{1F6158D7-7F62-419D-BF9C-3009C252E813}.Release|Any CPU.Build.0 = Release|Any CPU
		{1F6158D7-7F62-419D-BF9C-3009C252E813}.Release|x86.ActiveCfg = Release|Any CPU
		{1F6158D7-7F62-419D-BF9C-3009C252E813}.Release|x86.Build.0 = Release|Any CPU
	EndGlobalSection
	GlobalSection(SolutionProperties) = preSolution
		HideSolutionNode = FALSE
	EndGlobalSection
	GlobalSection(ExtensibilityGlobals) = postSolution
		SolutionGuid = {63478F1B-3E4A-4A32-BBA3-AEB7B47EC21B}
	EndGlobalSection
EndGlobal
